
Microsoft Visual Studio Solution File, Format Version 12.00
# Visual Studio Version 17
VisualStudioVersion = 17.3.32825.248
MinimumVisualStudioVersion = 10.0.40219.1
Project("{FAE04EC0-301F-11D3-BF4B-00C04F79EFBC}") = "CSSample", "CSSample\CSSample.csproj", "{FE90A675-2324-4823-A613-65EC947E2952}"
EndProject
Global
	GlobalSection(SolutionConfigurationPlatforms) = preSolution
		Debug|Any CPU = Debug|Any CPU
		Release|Any CPU = Release|Any CPU
	EndGlobalSection
	GlobalSection(ProjectConfigurationPlatforms) = postSolution
		{FE90A675-2324-4823-A613-65EC947E2952}.Debug|Any CPU.ActiveCfg = Debug|Any CPU
		{FE90A675-2324-4823-A613-65EC947E2952}.Debug|Any CPU.Build.0 = Debug|Any CPU
		{FE90A675-2324-4823-A613-65EC947E2952}.Release|Any CPU.ActiveCfg = Release|Any CPU
		{FE90A675-2324-4823-A613-65EC947E2952}.Release|Any CPU.Build.0 = Release|Any CPU
	EndGlobalSection
	GlobalSection(SolutionProperties) = preSolution
		HideSolutionNode = FALSE
	EndGlobalSection
	GlobalSection(ExtensibilityGlobals) = postSolution
		SolutionGuid = {0BF740D9-2634-4F73-8DB4-2ACE6B391EDB}
	EndGlobalSection
EndGlobal
